
Microsoft Visual Studio Solution File, Format Version 12.00
# Visual Studio Version 17
VisualStudioVersion = 17.2.32602.215
MinimumVisualStudioVersion = 10.0.40219.1
Project("{FAE04EC0-301F-11D3-BF4B-00C04F79EFBC}") = "ConverterAsgardWinFormsApp", "ConverterAsgardWinFormsApp\ConverterAsgardWinFormsApp.csproj", "{62295593-3F3F-4590-ABBF-35EF67E4B325}"
EndProject
Project("{FAE04EC0-301F-11D3-BF4B-00C04F79EFBC}") = "ConverterAsgard.Common", "ConverterAsgard.Common\ConverterAsgard.Common.csproj", "{1C76E221-AFB1-4D1D-B212-19042BE8E386}"
EndProject
Project("{FAE04EC0-301F-11D3-BF4B-00C04F79EFBC}") = "ConverterAsgardConsoleApp", "ConverterAsgardConsoleApp\ConverterAsgardConsoleApp.csproj", "{96790369-F27C-4CA7-9978-0505F61CFA07}"
EndProject
Global
	GlobalSection(SolutionConfigurationPlatforms) = preSolution
		Debug|Any CPU = Debug|Any CPU
		Release|Any CPU = Release|Any CPU
	EndGlobalSection
	GlobalSection(ProjectConfigurationPlatforms) = postSolution
		{62295593-3F3F-4590-ABBF-35EF67E4B325}.Debug|Any CPU.ActiveCfg = Debug|Any CPU
		{62295593-3F3F-4590-ABBF-35EF67E4B325}.Debug|Any CPU.Build.0 = Debug|Any CPU
		{62295593-3F3F-4590-ABBF-35EF67E4B325}.Release|Any CPU.ActiveCfg = Release|Any CPU
		{62295593-3F3F-4590-ABBF-35EF67E4B325}.Release|Any CPU.Build.0 = Release|Any CPU
		{1C76E221-AFB1-4D1D-B212-19042BE8E386}.Debug|Any CPU.ActiveCfg = Debug|Any CPU
		{1C76E221-AFB1-4D1D-B212-19042BE8E386}.Debug|Any CPU.Build.0 = Debug|Any CPU
		{1C76E221-AFB1-4D1D-B212-19042BE8E386}.Release|Any CPU.ActiveCfg = Release|Any CPU
		{1C76E221-AFB1-4D1D-B212-19042BE8E386}.Release|Any CPU.Build.0 = Release|Any CPU
		{96790369-F27C-4CA7-9978-0505F61CFA07}.Debug|Any CPU.ActiveCfg = Debug|Any CPU
		{96790369-F27C-4CA7-9978-0505F61CFA07}.Debug|Any CPU.Build.0 = Debug|Any CPU
		{96790369-F27C-4CA7-9978-0505F61CFA07}.Release|Any CPU.ActiveCfg = Release|Any CPU
		{96790369-F27C-4CA7-9978-0505F61CFA07}.Release|Any CPU.Build.0 = Release|Any CPU
	EndGlobalSection
	GlobalSection(SolutionProperties) = preSolution
		HideSolutionNode = FALSE
	EndGlobalSection
	GlobalSection(ExtensibilityGlobals) = postSolution
		SolutionGuid = {B9D6241E-3EE7-4A36-834B-070B34CF1850}
	EndGlobalSection
EndGlobal
